
Microsoft Visual Studio Solution File, Format Version 12.00
# Visual Studio 2013
VisualStudioVersion = 12.0.20827.3
MinimumVisualStudioVersion = 10.0.40219.1
Project("{8BC9CEB8-8B4A-11D0-8D11-00A0C91BC942}") = "ariketa1", "ariketa1\ariketa1.vcxproj", "{DECD3B88-CF41-48DB-B9CD-5075873381B6}"
EndProject
Project("{8BC9CEB8-8B4A-11D0-8D11-00A0C91BC942}") = "ariketa2", "ariketa2\ariketa2.vcxproj", "{1EE93576-F9BC-47CB-A302-A89549FAC366}"
EndProject
Global
	GlobalSection(SolutionConfigurationPlatforms) = preSolution
		Debug|Win32 = Debug|Win32
		Release|Win32 = Release|Win32
	EndGlobalSection
	GlobalSection(ProjectConfigurationPlatforms) = postSolution
		{DECD3B88-CF41-48DB-B9CD-5075873381B6}.Debug|Win32.ActiveCfg = Debug|Win32
		{DECD3B88-CF41-48DB-B9CD-5075873381B6}.Debug|Win32.Build.0 = Debug|Win32
		{DECD3B88-CF41-48DB-B9CD-5075873381B6}.Release|Win32.ActiveCfg = Release|Win32
		{DECD3B88-CF41-48DB-B9CD-5075873381B6}.Release|Win32.Build.0 = Release|Win32
		{1EE93576-F9BC-47CB-A302-A89549FAC366}.Debug|Win32.ActiveCfg = Debug|Win32
		{1EE93576-F9BC-47CB-A302-A89549FAC366}.Debug|Win32.Build.0 = Debug|Win32
		{1EE93576-F9BC-47CB-A302-A89549FAC366}.Release|Win32.ActiveCfg = Release|Win32
		{1EE93576-F9BC-47CB-A302-A89549FAC366}.Release|Win32.Build.0 = Release|Win32
	EndGlobalSection
	GlobalSection(SolutionProperties) = preSolution
		HideSolutionNode = FALSE
	EndGlobalSection
EndGlobal
