
Microsoft Visual Studio Solution File, Format Version 12.00
# Visual Studio 2013
VisualStudioVersion = 12.0.20827.3
MinimumVisualStudioVersion = 10.0.40219.1
Project("{8BC9CEB8-8B4A-11D0-8D11-00A0C91BC942}") = "faktoriala", "faktoriala\faktoriala.vcxproj", "{AB1CD21D-31C5-466F-849F-66A7395F88D0}"
EndProject
Project("{8BC9CEB8-8B4A-11D0-8D11-00A0C91BC942}") = "batuketa_fakt", "batuketa_fakt\batuketa_fakt.vcxproj", "{C138F0CD-1CAA-4130-B3C8-C5F318CA4CBC}"
EndProject
Project("{8BC9CEB8-8B4A-11D0-8D11-00A0C91BC942}") = "debugging_ariketa1", "debugging_ariketa1\debugging_ariketa1.vcxproj", "{25B0C37E-63D2-4FE1-A725-FF288A0584EF}"
EndProject
Project("{8BC9CEB8-8B4A-11D0-8D11-00A0C91BC942}") = "probak", "probak\probak.vcxproj", "{2A42D155-3E4E-4679-9E1F-56925B8F2C6F}"
EndProject
Project("{8BC9CEB8-8B4A-11D0-8D11-00A0C91BC942}") = "azterketa_ariketa_2", "azterketa_ariketa_2\azterketa_ariketa_2.vcxproj", "{CCB3129A-D3CF-41B6-9FF8-973D9B4D9909}"
EndProject
Project("{8BC9CEB8-8B4A-11D0-8D11-00A0C91BC942}") = "azterketa_ariketa_3", "azterketa_ariketa_3\azterketa_ariketa_3.vcxproj", "{83382DF7-6488-4FE2-95AB-6D4847B9572E}"
EndProject
Project("{8BC9CEB8-8B4A-11D0-8D11-00A0C91BC942}") = "probak2", "probak2\probak2.vcxproj", "{9ABA5925-8508-4966-AB29-BB6D8E436C5B}"
EndProject
Global
	GlobalSection(SolutionConfigurationPlatforms) = preSolution
		Debug|Win32 = Debug|Win32
		Release|Win32 = Release|Win32
	EndGlobalSection
	GlobalSection(ProjectConfigurationPlatforms) = postSolution
		{AB1CD21D-31C5-466F-849F-66A7395F88D0}.Debug|Win32.ActiveCfg = Debug|Win32
		{AB1CD21D-31C5-466F-849F-66A7395F88D0}.Debug|Win32.Build.0 = Debug|Win32
		{AB1CD21D-31C5-466F-849F-66A7395F88D0}.Release|Win32.ActiveCfg = Release|Win32
		{AB1CD21D-31C5-466F-849F-66A7395F88D0}.Release|Win32.Build.0 = Release|Win32
		{C138F0CD-1CAA-4130-B3C8-C5F318CA4CBC}.Debug|Win32.ActiveCfg = Debug|Win32
		{C138F0CD-1CAA-4130-B3C8-C5F318CA4CBC}.Debug|Win32.Build.0 = Debug|Win32
		{C138F0CD-1CAA-4130-B3C8-C5F318CA4CBC}.Release|Win32.ActiveCfg = Release|Win32
		{C138F0CD-1CAA-4130-B3C8-C5F318CA4CBC}.Release|Win32.Build.0 = Release|Win32
		{25B0C37E-63D2-4FE1-A725-FF288A0584EF}.Debug|Win32.ActiveCfg = Debug|Win32
		{25B0C37E-63D2-4FE1-A725-FF288A0584EF}.Debug|Win32.Build.0 = Debug|Win32
		{25B0C37E-63D2-4FE1-A725-FF288A0584EF}.Release|Win32.ActiveCfg = Release|Win32
		{25B0C37E-63D2-4FE1-A725-FF288A0584EF}.Release|Win32.Build.0 = Release|Win32
		{2A42D155-3E4E-4679-9E1F-56925B8F2C6F}.Debug|Win32.ActiveCfg = Debug|Win32
		{2A42D155-3E4E-4679-9E1F-56925B8F2C6F}.Debug|Win32.Build.0 = Debug|Win32
		{2A42D155-3E4E-4679-9E1F-56925B8F2C6F}.Release|Win32.ActiveCfg = Release|Win32
		{2A42D155-3E4E-4679-9E1F-56925B8F2C6F}.Release|Win32.Build.0 = Release|Win32
		{CCB3129A-D3CF-41B6-9FF8-973D9B4D9909}.Debug|Win32.ActiveCfg = Debug|Win32
		{CCB3129A-D3CF-41B6-9FF8-973D9B4D9909}.Debug|Win32.Build.0 = Debug|Win32
		{CCB3129A-D3CF-41B6-9FF8-973D9B4D9909}.Release|Win32.ActiveCfg = Release|Win32
		{CCB3129A-D3CF-41B6-9FF8-973D9B4D9909}.Release|Win32.Build.0 = Release|Win32
		{83382DF7-6488-4FE2-95AB-6D4847B9572E}.Debug|Win32.ActiveCfg = Debug|Win32
		{83382DF7-6488-4FE2-95AB-6D4847B9572E}.Debug|Win32.Build.0 = Debug|Win32
		{83382DF7-6488-4FE2-95AB-6D4847B9572E}.Release|Win32.ActiveCfg = Release|Win32
		{83382DF7-6488-4FE2-95AB-6D4847B9572E}.Release|Win32.Build.0 = Release|Win32
		{9ABA5925-8508-4966-AB29-BB6D8E436C5B}.Debug|Win32.ActiveCfg = Debug|Win32
		{9ABA5925-8508-4966-AB29-BB6D8E436C5B}.Debug|Win32.Build.0 = Debug|Win32
		{9ABA5925-8508-4966-AB29-BB6D8E436C5B}.Release|Win32.ActiveCfg = Release|Win32
		{9ABA5925-8508-4966-AB29-BB6D8E436C5B}.Release|Win32.Build.0 = Release|Win32
	EndGlobalSection
	GlobalSection(SolutionProperties) = preSolution
		HideSolutionNode = FALSE
	EndGlobalSection
EndGlobal
